// !$*UTF8*$!
{
	archiveVersion = 1;
	classes = {
	};
	objectVersion = 46;
	objects = {

/* Begin PBXBuildFile section */
		D30E7B081BB829FC00193D7F /* NSCalendar+TBRPAddition.swift in Sources */ = {isa = PBXBuildFile; fileRef = D30E7B071BB829FC00193D7F /* NSCalendar+TBRPAddition.swift */; settings = {ASSET_TAGS = (); }; };
		D30E7B0C1BB83EBF00193D7F /* RangeReplaceableCollectionType+TBRPAddition.swift in Sources */ = {isa = PBXBuildFile; fileRef = D30E7B0B1BB83EBF00193D7F /* RangeReplaceableCollectionType+TBRPAddition.swift */; settings = {ASSET_TAGS = (); }; };
		D31BE43E1BC6382300443B51 /* String+TBRPAddition.swift in Sources */ = {isa = PBXBuildFile; fileRef = D31BE43D1BC6382300443B51 /* String+TBRPAddition.swift */; settings = {ASSET_TAGS = (); }; };
		D3902F8E1BC54EE700316ABA /* TBRecurrence.swift in Sources */ = {isa = PBXBuildFile; fileRef = D3902F8D1BC54EE700316ABA /* TBRecurrence.swift */; settings = {ASSET_TAGS = (); }; };
		D3902F901BC58D1800316ABA /* Array+TBRPAddition.swift in Sources */ = {isa = PBXBuildFile; fileRef = D3902F8F1BC58D1800316ABA /* Array+TBRPAddition.swift */; settings = {ASSET_TAGS = (); }; };
		D39B02E11BBBD00F004AF10C /* DemoViewController.swift in Sources */ = {isa = PBXBuildFile; fileRef = D39B02E01BBBD00F004AF10C /* DemoViewController.swift */; settings = {ASSET_TAGS = (); }; };
		D3A7C1EF1BB26EAD000605DF /* AppDelegate.swift in Sources */ = {isa = PBXBuildFile; fileRef = D3A7C1EE1BB26EAD000605DF /* AppDelegate.swift */; };
		D3A7C1F41BB26EAD000605DF /* Main.storyboard in Resources */ = {isa = PBXBuildFile; fileRef = D3A7C1F21BB26EAD000605DF /* Main.storyboard */; };
		D3A7C1F61BB26EAD000605DF /* Assets.xcassets in Resources */ = {isa = PBXBuildFile; fileRef = D3A7C1F51BB26EAD000605DF /* Assets.xcassets */; };
		D3A7C1F91BB26EAD000605DF /* LaunchScreen.storyboard in Resources */ = {isa = PBXBuildFile; fileRef = D3A7C1F71BB26EAD000605DF /* LaunchScreen.storyboard */; };
		D3A7C2081BB27589000605DF /* TBRepeatPicker.swift in Sources */ = {isa = PBXBuildFile; fileRef = D3A7C2071BB27589000605DF /* TBRepeatPicker.swift */; settings = {ASSET_TAGS = (); }; };
		D3A7C20A1BB2778D000605DF /* TBRPPresetRepeatController.swift in Sources */ = {isa = PBXBuildFile; fileRef = D3A7C2091BB2778D000605DF /* TBRPPresetRepeatController.swift */; settings = {ASSET_TAGS = (); }; };
		D3A7C20C1BB277B8000605DF /* TBRPCustomRepeatController.swift in Sources */ = {isa = PBXBuildFile; fileRef = D3A7C20B1BB277B8000605DF /* TBRPCustomRepeatController.swift */; settings = {ASSET_TAGS = (); }; };
		D3B8CBFC1BB945F70020938B /* TBRPHelper.swift in Sources */ = {isa = PBXBuildFile; fileRef = D3B8CBFB1BB945F70020938B /* TBRPHelper.swift */; settings = {ASSET_TAGS = (); }; };
		D3BAE1721BC7AB6800CC2467 /* SwitchLanguageViewController.swift in Sources */ = {isa = PBXBuildFile; fileRef = D3BAE1711BC7AB6800CC2467 /* SwitchLanguageViewController.swift */; settings = {ASSET_TAGS = (); }; };
		D3BAE1741BC7D9E900CC2467 /* UIColor+TBRPAddition.swift in Sources */ = {isa = PBXBuildFile; fileRef = D3BAE1731BC7D9E900CC2467 /* UIColor+TBRPAddition.swift */; settings = {ASSET_TAGS = (); }; };
		D3DC1F7A1BBB8EDC008A8AB4 /* TBRPLocalizable.strings in Resources */ = {isa = PBXBuildFile; fileRef = D3DC1F7C1BBB8EDC008A8AB4 /* TBRPLocalizable.strings */; };
		D3DC1F7F1BBB925F008A8AB4 /* TBRPInternationalControl.swift in Sources */ = {isa = PBXBuildFile; fileRef = D3DC1F7E1BBB925F008A8AB4 /* TBRPInternationalControl.swift */; settings = {ASSET_TAGS = (); }; };
		D3E37D991BB39127000C8D47 /* TBRPPickerViewCell.swift in Sources */ = {isa = PBXBuildFile; fileRef = D3E37D981BB39127000C8D47 /* TBRPPickerViewCell.swift */; settings = {ASSET_TAGS = (); }; };
		D3E37DCA1BB4EAAB000C8D47 /* TBRP-Checkmark@2x.png in Resources */ = {isa = PBXBuildFile; fileRef = D3E37DC91BB4EAAB000C8D47 /* TBRP-Checkmark@2x.png */; settings = {ASSET_TAGS = (); }; };
		D3E37DCC1BB4EB65000C8D47 /* TBRP-Checkmark@3x.png in Resources */ = {isa = PBXBuildFile; fileRef = D3E37DCB1BB4EB65000C8D47 /* TBRP-Checkmark@3x.png */; settings = {ASSET_TAGS = (); }; };
		D3E37DCE1BB4F85C000C8D47 /* TBRPSwitchCell.swift in Sources */ = {isa = PBXBuildFile; fileRef = D3E37DCD1BB4F85C000C8D47 /* TBRPSwitchCell.swift */; settings = {ASSET_TAGS = (); }; };
		D3E37DD21BB507C6000C8D47 /* TBRPCollectionViewCell.swift in Sources */ = {isa = PBXBuildFile; fileRef = D3E37DD11BB507C6000C8D47 /* TBRPCollectionViewCell.swift */; settings = {ASSET_TAGS = (); }; };
		D3E37DD41BB5111E000C8D47 /* TBRPCollectionItem.swift in Sources */ = {isa = PBXBuildFile; fileRef = D3E37DD31BB5111E000C8D47 /* TBRPCollectionItem.swift */; settings = {ASSET_TAGS = (); }; };
		D3E37DD61BB51727000C8D47 /* TBRPCollectionViewLayout.swift in Sources */ = {isa = PBXBuildFile; fileRef = D3E37DD51BB51727000C8D47 /* TBRPCollectionViewLayout.swift */; settings = {ASSET_TAGS = (); }; };
		D3FA9E9A1BBA63AF0045F644 /* TBRPCustomRepeatCell.swift in Sources */ = {isa = PBXBuildFile; fileRef = D3FA9E991BBA63AF0045F644 /* TBRPCustomRepeatCell.swift */; settings = {ASSET_TAGS = (); }; };
/* End PBXBuildFile section */

/* Begin PBXFileReference section */
		D30E7B071BB829FC00193D7F /* NSCalendar+TBRPAddition.swift */ = {isa = PBXFileReference; fileEncoding = 4; lastKnownFileType = sourcecode.swift; path = "NSCalendar+TBRPAddition.swift"; sourceTree = "<group>"; };
		D30E7B0B1BB83EBF00193D7F /* RangeReplaceableCollectionType+TBRPAddition.swift */ = {isa = PBXFileReference; fileEncoding = 4; lastKnownFileType = sourcecode.swift; path = "RangeReplaceableCollectionType+TBRPAddition.swift"; sourceTree = "<group>"; };
		D31BE43D1BC6382300443B51 /* String+TBRPAddition.swift */ = {isa = PBXFileReference; fileEncoding = 4; lastKnownFileType = sourcecode.swift; path = "String+TBRPAddition.swift"; sourceTree = "<group>"; };
		D3902F8D1BC54EE700316ABA /* TBRecurrence.swift */ = {isa = PBXFileReference; fileEncoding = 4; lastKnownFileType = sourcecode.swift; path = TBRecurrence.swift; sourceTree = "<group>"; };
		D3902F8F1BC58D1800316ABA /* Array+TBRPAddition.swift */ = {isa = PBXFileReference; fileEncoding = 4; lastKnownFileType = sourcecode.swift; path = "Array+TBRPAddition.swift"; sourceTree = "<group>"; };
		D39B02DD1BBBADC7004AF10C /* zh-Hant */ = {isa = PBXFileReference; lastKnownFileType = text.plist.strings; name = "zh-Hant"; path = "zh-Hant.lproj/TBRPLocalizable.strings"; sourceTree = "<group>"; };
		D39B02DE1BBBADD2004AF10C /* ko */ = {isa = PBXFileReference; lastKnownFileType = text.plist.strings; name = ko; path = ko.lproj/TBRPLocalizable.strings; sourceTree = "<group>"; };
		D39B02DF1BBBADEA004AF10C /* ja */ = {isa = PBXFileReference; lastKnownFileType = text.plist.strings; name = ja; path = ja.lproj/TBRPLocalizable.strings; sourceTree = "<group>"; };
		D39B02E01BBBD00F004AF10C /* DemoViewController.swift */ = {isa = PBXFileReference; fileEncoding = 4; lastKnownFileType = sourcecode.swift; path = DemoViewController.swift; sourceTree = "<group>"; };
		D3A7C1EB1BB26EAD000605DF /* TBRepeatPicker.app */ = {isa = PBXFileReference; explicitFileType = wrapper.application; includeInIndex = 0; path = TBRepeatPicker.app; sourceTree = BUILT_PRODUCTS_DIR; };
		D3A7C1EE1BB26EAD000605DF /* AppDelegate.swift */ = {isa = PBXFileReference; lastKnownFileType = sourcecode.swift; path = AppDelegate.swift; sourceTree = "<group>"; };
		D3A7C1F31BB26EAD000605DF /* Base */ = {isa = PBXFileReference; lastKnownFileType = file.storyboard; name = Base; path = Base.lproj/Main.storyboard; sourceTree = "<group>"; };
		D3A7C1F51BB26EAD000605DF /* Assets.xcassets */ = {isa = PBXFileReference; lastKnownFileType = folder.assetcatalog; path = Assets.xcassets; sourceTree = "<group>"; };
		D3A7C1F81BB26EAD000605DF /* Base */ = {isa = PBXFileReference; lastKnownFileType = file.storyboard; name = Base; path = Base.lproj/LaunchScreen.storyboard; sourceTree = "<group>"; };
		D3A7C1FA1BB26EAD000605DF /* Info.plist */ = {isa = PBXFileReference; lastKnownFileType = text.plist.xml; path = Info.plist; sourceTree = "<group>"; };
		D3A7C2071BB27589000605DF /* TBRepeatPicker.swift */ = {isa = PBXFileReference; fileEncoding = 4; lastKnownFileType = sourcecode.swift; path = TBRepeatPicker.swift; sourceTree = "<group>"; };
		D3A7C2091BB2778D000605DF /* TBRPPresetRepeatController.swift */ = {isa = PBXFileReference; fileEncoding = 4; lastKnownFileType = sourcecode.swift; path = TBRPPresetRepeatController.swift; sourceTree = "<group>"; };
		D3A7C20B1BB277B8000605DF /* TBRPCustomRepeatController.swift */ = {isa = PBXFileReference; fileEncoding = 4; lastKnownFileType = sourcecode.swift; path = TBRPCustomRepeatController.swift; sourceTree = "<group>"; };
		D3B8CBFB1BB945F70020938B /* TBRPHelper.swift */ = {isa = PBXFileReference; fileEncoding = 4; lastKnownFileType = sourcecode.swift; path = TBRPHelper.swift; sourceTree = "<group>"; };
		D3BAE1711BC7AB6800CC2467 /* SwitchLanguageViewController.swift */ = {isa = PBXFileReference; fileEncoding = 4; lastKnownFileType = sourcecode.swift; path = SwitchLanguageViewController.swift; sourceTree = "<group>"; };
		D3BAE1731BC7D9E900CC2467 /* UIColor+TBRPAddition.swift */ = {isa = PBXFileReference; fileEncoding = 4; lastKnownFileType = sourcecode.swift; path = "UIColor+TBRPAddition.swift"; sourceTree = "<group>"; };
		D3DC1F7B1BBB8EDC008A8AB4 /* en */ = {isa = PBXFileReference; lastKnownFileType = text.plist.strings; name = en; path = en.lproj/TBRPLocalizable.strings; sourceTree = "<group>"; };
		D3DC1F7D1BBB8EF1008A8AB4 /* zh-Hans */ = {isa = PBXFileReference; lastKnownFileType = text.plist.strings; name = "zh-Hans"; path = "zh-Hans.lproj/TBRPLocalizable.strings"; sourceTree = "<group>"; };
		D3DC1F7E1BBB925F008A8AB4 /* TBRPInternationalControl.swift */ = {isa = PBXFileReference; fileEncoding = 4; lastKnownFileType = sourcecode.swift; path = TBRPInternationalControl.swift; sourceTree = "<group>"; };
		D3E37D981BB39127000C8D47 /* TBRPPickerViewCell.swift */ = {isa = PBXFileReference; fileEncoding = 4; lastKnownFileType = sourcecode.swift; path = TBRPPickerViewCell.swift; sourceTree = "<group>"; };
		D3E37DC91BB4EAAB000C8D47 /* TBRP-Checkmark@2x.png */ = {isa = PBXFileReference; lastKnownFileType = image.png; path = "TBRP-Checkmark@2x.png"; sourceTree = "<group>"; };
		D3E37DCB1BB4EB65000C8D47 /* TBRP-Checkmark@3x.png */ = {isa = PBXFileReference; lastKnownFileType = image.png; path = "TBRP-Checkmark@3x.png"; sourceTree = "<group>"; };
		D3E37DCD1BB4F85C000C8D47 /* TBRPSwitchCell.swift */ = {isa = PBXFileReference; fileEncoding = 4; lastKnownFileType = sourcecode.swift; path = TBRPSwitchCell.swift; sourceTree = "<group>"; };
		D3E37DD11BB507C6000C8D47 /* TBRPCollectionViewCell.swift */ = {isa = PBXFileReference; fileEncoding = 4; lastKnownFileType = sourcecode.swift; path = TBRPCollectionViewCell.swift; sourceTree = "<group>"; };
		D3E37DD31BB5111E000C8D47 /* TBRPCollectionItem.swift */ = {isa = PBXFileReference; fileEncoding = 4; lastKnownFileType = sourcecode.swift; path = TBRPCollectionItem.swift; sourceTree = "<group>"; };
		D3E37DD51BB51727000C8D47 /* TBRPCollectionViewLayout.swift */ = {isa = PBXFileReference; fileEncoding = 4; lastKnownFileType = sourcecode.swift; path = TBRPCollectionViewLayout.swift; sourceTree = "<group>"; };
		D3FA9E991BBA63AF0045F644 /* TBRPCustomRepeatCell.swift */ = {isa = PBXFileReference; fileEncoding = 4; lastKnownFileType = sourcecode.swift; path = TBRPCustomRepeatCell.swift; sourceTree = "<group>"; };
/* End PBXFileReference section */

/* Begin PBXFrameworksBuildPhase section */
		D3A7C1E81BB26EAD000605DF /* Frameworks */ = {
			isa = PBXFrameworksBuildPhase;
			buildActionMask = 2147483647;
			files = (
			);
			runOnlyForDeploymentPostprocessing = 0;
		};
/* End PBXFrameworksBuildPhase section */

/* Begin PBXGroup section */
		D30E7B061BB829B700193D7F /* Extension */ = {
			isa = PBXGroup;
			children = (
				D30E7B071BB829FC00193D7F /* NSCalendar+TBRPAddition.swift */,
				D30E7B0B1BB83EBF00193D7F /* RangeReplaceableCollectionType+TBRPAddition.swift */,
				D3902F8F1BC58D1800316ABA /* Array+TBRPAddition.swift */,
				D31BE43D1BC6382300443B51 /* String+TBRPAddition.swift */,
				D3BAE1731BC7D9E900CC2467 /* UIColor+TBRPAddition.swift */,
			);
			name = Extension;
			sourceTree = "<group>";
		};
		D3A7C1E21BB26EAC000605DF = {
			isa = PBXGroup;
			children = (
				D3A7C2001BB26ED5000605DF /* TBRepeatPicker */,
				D3A7C1ED1BB26EAD000605DF /* TBRepeatPickerDemo */,
				D3A7C1EC1BB26EAD000605DF /* Products */,
			);
			sourceTree = "<group>";
		};
		D3A7C1EC1BB26EAD000605DF /* Products */ = {
			isa = PBXGroup;
			children = (
				D3A7C1EB1BB26EAD000605DF /* TBRepeatPicker.app */,
			);
			name = Products;
			sourceTree = "<group>";
		};
		D3A7C1ED1BB26EAD000605DF /* TBRepeatPickerDemo */ = {
			isa = PBXGroup;
			children = (
				D3A7C1EE1BB26EAD000605DF /* AppDelegate.swift */,
				D39B02E01BBBD00F004AF10C /* DemoViewController.swift */,
				D3BAE1711BC7AB6800CC2467 /* SwitchLanguageViewController.swift */,
				D3A7C1F21BB26EAD000605DF /* Main.storyboard */,
				D3A7C1F51BB26EAD000605DF /* Assets.xcassets */,
				D3A7C1F71BB26EAD000605DF /* LaunchScreen.storyboard */,
				D3A7C1FA1BB26EAD000605DF /* Info.plist */,
			);
			name = TBRepeatPickerDemo;
			path = TBRepeatPicker;
			sourceTree = "<group>";
		};
		D3A7C2001BB26ED5000605DF /* TBRepeatPicker */ = {
			isa = PBXGroup;
			children = (
				D3A7C20D1BB2A435000605DF /* Resources */,
				D30E7B061BB829B700193D7F /* Extension */,
				D3E37DD01BB50743000C8D47 /* CustomView */,
				D3902F8D1BC54EE700316ABA /* TBRecurrence.swift */,
				D3A7C2071BB27589000605DF /* TBRepeatPicker.swift */,
				D3DC1F7E1BBB925F008A8AB4 /* TBRPInternationalControl.swift */,
				D3B8CBFB1BB945F70020938B /* TBRPHelper.swift */,
				D3A7C2091BB2778D000605DF /* TBRPPresetRepeatController.swift */,
				D3A7C20B1BB277B8000605DF /* TBRPCustomRepeatController.swift */,
			);
			name = TBRepeatPicker;
			sourceTree = "<group>";
		};
		D3A7C20D1BB2A435000605DF /* Resources */ = {
			isa = PBXGroup;
			children = (
				D3DC1F771BBB8E5E008A8AB4 /* Icons */,
				D3DC1F761BBB8E41008A8AB4 /* Localizations */,
			);
			name = Resources;
			sourceTree = "<group>";
		};
		D3DC1F761BBB8E41008A8AB4 /* Localizations */ = {
			isa = PBXGroup;
			children = (
				D3DC1F7C1BBB8EDC008A8AB4 /* TBRPLocalizable.strings */,
			);
			name = Localizations;
			sourceTree = "<group>";
		};
		D3DC1F771BBB8E5E008A8AB4 /* Icons */ = {
			isa = PBXGroup;
			children = (
				D3E37DC91BB4EAAB000C8D47 /* TBRP-Checkmark@2x.png */,
				D3E37DCB1BB4EB65000C8D47 /* TBRP-Checkmark@3x.png */,
			);
			name = Icons;
			sourceTree = "<group>";
		};
		D3E37DD01BB50743000C8D47 /* CustomView */ = {
			isa = PBXGroup;
			children = (
				D3FA9E991BBA63AF0045F644 /* TBRPCustomRepeatCell.swift */,
				D3E37D981BB39127000C8D47 /* TBRPPickerViewCell.swift */,
				D3E37DCD1BB4F85C000C8D47 /* TBRPSwitchCell.swift */,
				D3E37DD31BB5111E000C8D47 /* TBRPCollectionItem.swift */,
				D3E37DD51BB51727000C8D47 /* TBRPCollectionViewLayout.swift */,
				D3E37DD11BB507C6000C8D47 /* TBRPCollectionViewCell.swift */,
			);
			name = CustomView;
			sourceTree = "<group>";
		};
/* End PBXGroup section */

/* Begin PBXNativeTarget section */
		D3A7C1EA1BB26EAD000605DF /* TBRepeatPicker */ = {
			isa = PBXNativeTarget;
			buildConfigurationList = D3A7C1FD1BB26EAD000605DF /* Build configuration list for PBXNativeTarget "TBRepeatPicker" */;
			buildPhases = (
				D3A7C1E71BB26EAD000605DF /* Sources */,
				D3A7C1E81BB26EAD000605DF /* Frameworks */,
				D3A7C1E91BB26EAD000605DF /* Resources */,
			);
			buildRules = (
			);
			dependencies = (
			);
			name = TBRepeatPicker;
			productName = TBRepeatPicker;
			productReference = D3A7C1EB1BB26EAD000605DF /* TBRepeatPicker.app */;
			productType = "com.apple.product-type.application";
		};
/* End PBXNativeTarget section */

/* Begin PBXProject section */
		D3A7C1E31BB26EAC000605DF /* Project object */ = {
			isa = PBXProject;
			attributes = {
				LastUpgradeCheck = 0700;
				ORGANIZATIONNAME = Teambition;
				TargetAttributes = {
					D3A7C1EA1BB26EAD000605DF = {
						CreatedOnToolsVersion = 7.0;
					};
				};
			};
			buildConfigurationList = D3A7C1E61BB26EAC000605DF /* Build configuration list for PBXProject "TBRepeatPicker" */;
			compatibilityVersion = "Xcode 3.2";
			developmentRegion = English;
			hasScannedForEncodings = 0;
			knownRegions = (
				en,
				Base,
				"zh-Hans",
				"zh-Hant",
				ko,
				ja,
			);
			mainGroup = D3A7C1E21BB26EAC000605DF;
			productRefGroup = D3A7C1EC1BB26EAD000605DF /* Products */;
			projectDirPath = "";
			projectRoot = "";
			targets = (
				D3A7C1EA1BB26EAD000605DF /* TBRepeatPicker */,
			);
		};
/* End PBXProject section */

/* Begin PBXResourcesBuildPhase section */
		D3A7C1E91BB26EAD000605DF /* Resources */ = {
			isa = PBXResourcesBuildPhase;
			buildActionMask = 2147483647;
			files = (
				D3E37DCA1BB4EAAB000C8D47 /* TBRP-Checkmark@2x.png in Resources */,
				D3DC1F7A1BBB8EDC008A8AB4 /* TBRPLocalizable.strings in Resources */,
				D3A7C1F91BB26EAD000605DF /* LaunchScreen.storyboard in Resources */,
				D3A7C1F61BB26EAD000605DF /* Assets.xcassets in Resources */,
				D3A7C1F41BB26EAD000605DF /* Main.storyboard in Resources */,
				D3E37DCC1BB4EB65000C8D47 /* TBRP-Checkmark@3x.png in Resources */,
			);
			runOnlyForDeploymentPostprocessing = 0;
		};
/* End PBXResourcesBuildPhase section */

/* Begin PBXSourcesBuildPhase section */
		D3A7C1E71BB26EAD000605DF /* Sources */ = {
			isa = PBXSourcesBuildPhase;
			buildActionMask = 2147483647;
			files = (
				D3BAE1721BC7AB6800CC2467 /* SwitchLanguageViewController.swift in Sources */,
				D3902F8E1BC54EE700316ABA /* TBRecurrence.swift in Sources */,
				D30E7B081BB829FC00193D7F /* NSCalendar+TBRPAddition.swift in Sources */,
				D31BE43E1BC6382300443B51 /* String+TBRPAddition.swift in Sources */,
				D3902F901BC58D1800316ABA /* Array+TBRPAddition.swift in Sources */,
				D3A7C2081BB27589000605DF /* TBRepeatPicker.swift in Sources */,
				D3E37DCE1BB4F85C000C8D47 /* TBRPSwitchCell.swift in Sources */,
				D3A7C20A1BB2778D000605DF /* TBRPPresetRepeatController.swift in Sources */,
				D3A7C1EF1BB26EAD000605DF /* AppDelegate.swift in Sources */,
				D3E37D991BB39127000C8D47 /* TBRPPickerViewCell.swift in Sources */,
				D3DC1F7F1BBB925F008A8AB4 /* TBRPInternationalControl.swift in Sources */,
				D3E37DD21BB507C6000C8D47 /* TBRPCollectionViewCell.swift in Sources */,
				D30E7B0C1BB83EBF00193D7F /* RangeReplaceableCollectionType+TBRPAddition.swift in Sources */,
				D3BAE1741BC7D9E900CC2467 /* UIColor+TBRPAddition.swift in Sources */,
				D39B02E11BBBD00F004AF10C /* DemoViewController.swift in Sources */,
				D3E37DD41BB5111E000C8D47 /* TBRPCollectionItem.swift in Sources */,
				D3FA9E9A1BBA63AF0045F644 /* TBRPCustomRepeatCell.swift in Sources */,
				D3E37DD61BB51727000C8D47 /* TBRPCollectionViewLayout.swift in Sources */,
				D3A7C20C1BB277B8000605DF /* TBRPCustomRepeatController.swift in Sources */,
				D3B8CBFC1BB945F70020938B /* TBRPHelper.swift in Sources */,
			);
			runOnlyForDeploymentPostprocessing = 0;
		};
/* End PBXSourcesBuildPhase section */

/* Begin PBXVariantGroup section */
		D3A7C1F21BB26EAD000605DF /* Main.storyboard */ = {
			isa = PBXVariantGroup;
			children = (
				D3A7C1F31BB26EAD000605DF /* Base */,
			);
			name = Main.storyboard;
			sourceTree = "<group>";
		};
		D3A7C1F71BB26EAD000605DF /* LaunchScreen.storyboard */ = {
			isa = PBXVariantGroup;
			children = (
				D3A7C1F81BB26EAD000605DF /* Base */,
			);
			name = LaunchScreen.storyboard;
			sourceTree = "<group>";
		};
		D3DC1F7C1BBB8EDC008A8AB4 /* TBRPLocalizable.strings */ = {
			isa = PBXVariantGroup;
			children = (
				D3DC1F7B1BBB8EDC008A8AB4 /* en */,
				D3DC1F7D1BBB8EF1008A8AB4 /* zh-Hans */,
				D39B02DD1BBBADC7004AF10C /* zh-Hant */,
				D39B02DE1BBBADD2004AF10C /* ko */,
				D39B02DF1BBBADEA004AF10C /* ja */,
			);
			name = TBRPLocalizable.strings;
			sourceTree = "<group>";
		};
/* End PBXVariantGroup section */

/* Begin XCBuildConfiguration section */
		D3A7C1FB1BB26EAD000605DF /* Debug */ = {
			isa = XCBuildConfiguration;
			buildSettings = {
				ALWAYS_SEARCH_USER_PATHS = NO;
				CLANG_CXX_LANGUAGE_STANDARD = "gnu++0x";
				CLANG_CXX_LIBRARY = "libc++";
				CLANG_ENABLE_MODULES = YES;
				CLANG_ENABLE_OBJC_ARC = YES;
				CLANG_WARN_BOOL_CONVERSION = YES;
				CLANG_WARN_CONSTANT_CONVERSION = YES;
				CLANG_WARN_DIRECT_OBJC_ISA_USAGE = YES_ERROR;
				CLANG_WARN_EMPTY_BODY = YES;
				CLANG_WARN_ENUM_CONVERSION = YES;
				CLANG_WARN_INT_CONVERSION = YES;
				CLANG_WARN_OBJC_ROOT_CLASS = YES_ERROR;
				CLANG_WARN_UNREACHABLE_CODE = YES;
				CLANG_WARN__DUPLICATE_METHOD_MATCH = YES;
				"CODE_SIGN_IDENTITY[sdk=iphoneos*]" = "iPhone Developer";
				COPY_PHASE_STRIP = NO;
				DEBUG_INFORMATION_FORMAT = dwarf;
				ENABLE_STRICT_OBJC_MSGSEND = YES;
				ENABLE_TESTABILITY = YES;
				GCC_C_LANGUAGE_STANDARD = gnu99;
				GCC_DYNAMIC_NO_PIC = NO;
				GCC_NO_COMMON_BLOCKS = YES;
				GCC_OPTIMIZATION_LEVEL = 0;
				GCC_PREPROCESSOR_DEFINITIONS = (
					"DEBUG=1",
					"$(inherited)",
				);
				GCC_WARN_64_TO_32_BIT_CONVERSION = YES;
				GCC_WARN_ABOUT_RETURN_TYPE = YES_ERROR;
				GCC_WARN_UNDECLARED_SELECTOR = YES;
				GCC_WARN_UNINITIALIZED_AUTOS = YES_AGGRESSIVE;
				GCC_WARN_UNUSED_FUNCTION = YES;
				GCC_WARN_UNUSED_VARIABLE = YES;
				IPHONEOS_DEPLOYMENT_TARGET = 8.0;
				MTL_ENABLE_DEBUG_INFO = YES;
				ONLY_ACTIVE_ARCH = YES;
				SDKROOT = iphoneos;
				SWIFT_OPTIMIZATION_LEVEL = "-Onone";
			};
			name = Debug;
		};
		D3A7C1FC1BB26EAD000605DF /* Release */ = {
			isa = XCBuildConfiguration;
			buildSettings = {
				ALWAYS_SEARCH_USER_PATHS = NO;
				CLANG_CXX_LANGUAGE_STANDARD = "gnu++0x";
				CLANG_CXX_LIBRARY = "libc++";
				CLANG_ENABLE_MODULES = YES;
				CLANG_ENABLE_OBJC_ARC = YES;
				CLANG_WARN_BOOL_CONVERSION = YES;
				CLANG_WARN_CONSTANT_CONVERSION = YES;
				CLANG_WARN_DIRECT_OBJC_ISA_USAGE = YES_ERROR;
				CLANG_WARN_EMPTY_BODY = YES;
				CLANG_WARN_ENUM_CONVERSION = YES;
				CLANG_WARN_INT_CONVERSION = YES;
				CLANG_WARN_OBJC_ROOT_CLASS = YES_ERROR;
				CLANG_WARN_UNREACHABLE_CODE = YES;
				CLANG_WARN__DUPLICATE_METHOD_MATCH = YES;
				"CODE_SIGN_IDENTITY[sdk=iphoneos*]" = "iPhone Developer";
				COPY_PHASE_STRIP = NO;
				DEBUG_INFORMATION_FORMAT = "dwarf-with-dsym";
				ENABLE_NS_ASSERTIONS = NO;
				ENABLE_STRICT_OBJC_MSGSEND = YES;
				GCC_C_LANGUAGE_STANDARD = gnu99;
				GCC_NO_COMMON_BLOCKS = YES;
				GCC_WARN_64_TO_32_BIT_CONVERSION = YES;
				GCC_WARN_ABOUT_RETURN_TYPE = YES_ERROR;
				GCC_WARN_UNDECLARED_SELECTOR = YES;
				GCC_WARN_UNINITIALIZED_AUTOS = YES_AGGRESSIVE;
				GCC_WARN_UNUSED_FUNCTION = YES;
				GCC_WARN_UNUSED_VARIABLE = YES;
				IPHONEOS_DEPLOYMENT_TARGET = 8.0;
				MTL_ENABLE_DEBUG_INFO = NO;
				SDKROOT = iphoneos;
				VALIDATE_PRODUCT = YES;
			};
			name = Release;
		};
		D3A7C1FE1BB26EAD000605DF /* Debug */ = {
			isa = XCBuildConfiguration;
			buildSettings = {
				ASSETCATALOG_COMPILER_APPICON_NAME = AppIcon;
				INFOPLIST_FILE = TBRepeatPicker/Info.plist;
				LD_RUNPATH_SEARCH_PATHS = "$(inherited) @executable_path/Frameworks";
				PRODUCT_BUNDLE_IDENTIFIER = Teambition.TBRepeatPicker;
				PRODUCT_NAME = "$(TARGET_NAME)";
			};
			name = Debug;
		};
		D3A7C1FF1BB26EAD000605DF /* Release */ = {
			isa = XCBuildConfiguration;
			buildSettings = {
				ASSETCATALOG_COMPILER_APPICON_NAME = AppIcon;
				INFOPLIST_FILE = TBRepeatPicker/Info.plist;
				LD_RUNPATH_SEARCH_PATHS = "$(inherited) @executable_path/Frameworks";
				PRODUCT_BUNDLE_IDENTIFIER = Teambition.TBRepeatPicker;
				PRODUCT_NAME = "$(TARGET_NAME)";
			};
			name = Release;
		};
/* End XCBuildConfiguration section */

/* Begin XCConfigurationList section */
		D3A7C1E61BB26EAC000605DF /* Build configuration list for PBXProject "TBRepeatPicker" */ = {
			isa = XCConfigurationList;
			buildConfigurations = (
				D3A7C1FB1BB26EAD000605DF /* Debug */,
				D3A7C1FC1BB26EAD000605DF /* Release */,
			);
			defaultConfigurationIsVisible = 0;
			defaultConfigurationName = Release;
		};
		D3A7C1FD1BB26EAD000605DF /* Build configuration list for PBXNativeTarget "TBRepeatPicker" */ = {
			isa = XCConfigurationList;
			buildConfigurations = (
				D3A7C1FE1BB26EAD000605DF /* Debug */,
				D3A7C1FF1BB26EAD000605DF /* Release */,
			);
			defaultConfigurationIsVisible = 0;
			defaultConfigurationName = Release;
		};
/* End XCConfigurationList section */
	};
	rootObject = D3A7C1E31BB26EAC000605DF /* Project object */;
}
